{
  "nodes": {
    "flake-compat": {
      "flake": false,
      "locked": {
        "lastModified": 1767039857,
        "narHash": "sha256-vNpUSpF5Nuw8xvDLj2KCwwksIbjua2LZCqhV1LNRDns=",
        "owner": "edolstra",
        "repo": "flake-compat",
        "rev": "5edf11c44bc78a0d334f6334cdaf7d60d732daab",
        "type": "github"
      },
      "original": {
        "owner": "edolstra",
        "repo": "flake-compat",
        "type": "github"
      }
    },
    "flake-parts": {
      "inputs": {
        "nixpkgs-lib": [
          "nixvim",
          "nixpkgs"
        ]
      },
      "locked": {
        "lastModified": 1778716662,
        "narHash": "sha256-m1Yf0wZ8j1OHjTc2UwHwyQRSnNeSgLJOd7q5Y45hzi4=",
        "owner": "hercules-ci",
        "repo": "flake-parts",
        "rev": "f7c1a2d347e4c52d5fb8d10cb4d94b5884e546fb",
        "type": "github"
      },
      "original": {
        "owner": "hercules-ci",
        "repo": "flake-parts",
        "type": "github"
      }
    },
    "home-manager": {
      "inputs": {
        "nixpkgs": [
          "nixpkgs"
        ]
      },
      "locked": {
        "lastModified": 1781124985,
        "narHash": "sha256-hIaUkf6qalGk2xxNEkBMP2m2aPBq+qXvUPOIwwEDySI=",
        "owner": "nix-community",
        "repo": "home-manager",
        "rev": "d899b01766784bcc9a141ee13bad6dc689d47c37",
        "type": "github"
      },
      "original": {
        "owner": "nix-community",
        "ref": "release-26.05",
        "repo": "home-manager",
        "type": "github"
      }
    },
    "nixos-wsl": {
      "inputs": {
        "flake-compat": "flake-compat",
        "nixpkgs": "nixpkgs"
      },
      "locked": {
        "lastModified": 1780705040,
        "narHash": "sha256-pVadZqLm8RJcwLuDzJm7d2KO6e+RHPpIa/2qdqtn+B4=",
        "owner": "nix-community",
        "repo": "NixOS-WSL",
        "rev": "add6b01c7ca72240046b5d541a74845423f1ee35",
        "type": "github"
      },
      "original": {
        "owner": "nix-community",
        "ref": "release-26.05",
        "repo": "NixOS-WSL",
        "type": "github"
      }
    },
    "nixpkgs": {
      "locked": {
        "lastModified": 1780453794,
        "narHash": "sha256-bXMRa9VTsHSPXL4Cw8R6JJLQeY3Y/IP4+YJCYVmQ7FY=",
        "owner": "NixOS",
        "repo": "nixpkgs",
        "rev": "6b316287bae2ee04c9b93c8c858d930fd07d7338",
        "type": "github"
      },
      "original": {
        "owner": "NixOS",
        "ref": "nixos-26.05",
        "repo": "nixpkgs",
        "type": "github"
      }
    },
    "nixpkgs_2": {
      "locked": {
        "lastModified": 1780902259,
        "narHash": "sha256-q8yYEC5f1mFlQO9RGna4LTc9QrcvWunX6FYp83munkQ=",
        "owner": "NixOS",
        "repo": "nixpkgs",
        "rev": "bd0ff2d3eac24699c3664d5966b9ef36f388e2ca",
        "type": "github"
      },
      "original": {
        "owner": "NixOS",
        "ref": "nixos-26.05",
        "repo": "nixpkgs",
        "type": "github"
      }
    },
    "nixpkgs_3": {
      "locked": {
        "lastModified": 1780902259,
        "narHash": "sha256-q8yYEC5f1mFlQO9RGna4LTc9QrcvWunX6FYp83munkQ=",
        "owner": "NixOS",
        "repo": "nixpkgs",
        "rev": "bd0ff2d3eac24699c3664d5966b9ef36f388e2ca",
        "type": "github"
      },
      "original": {
        "owner": "NixOS",
        "ref": "nixos-26.05",
        "repo": "nixpkgs",
        "type": "github"
      }
    },
    "nixvim": {
      "inputs": {
        "flake-parts": "flake-parts",
        "nixpkgs": "nixpkgs_3",
        "systems": "systems"
      },
      "locked": {
        "lastModified": 1781038653,
        "narHash": "sha256-MxUVyE7A5QMJXOEFQhOHsqs4UPhujeDgdFhguE7Wmic=",
        "owner": "nix-community",
        "repo": "nixvim",
        "rev": "e7ce6708cc5b6275406a8feee06ca50c5cafd6bf",
        "type": "github"
      },
      "original": {
        "owner": "nix-community",
        "ref": "nixos-26.05",
        "repo": "nixvim",
        "type": "github"
      }
    },
    "root": {
      "inputs": {
        "home-manager": "home-manager",
        "nixos-wsl": "nixos-wsl",
        "nixpkgs": "nixpkgs_2",
        "nixvim": "nixvim",
        "yamb-yazi": "yamb-yazi",
        "yazi-plugins": "yazi-plugins"
      }
    },
    "systems": {
      "locked": {
        "lastModified": 1681028828,
        "narHash": "sha256-Vy1rq5AaRuLzOxct8nz4T6wlgyUR7zLU309k9mBC768=",
        "owner": "nix-systems",
        "repo": "default",
        "rev": "da67096a3b9bf56a91d16901293e51ba5b49a27e",
        "type": "github"
      },
      "original": {
        "owner": "nix-systems",
        "repo": "default",
        "type": "github"
      }
    },
    "yamb-yazi": {
      "flake": false,
      "locked": {
        "lastModified": 1784373818,
        "narHash": "sha256-oq9zyVduKbOPuJVzFHiNIxe/JvNcqujS5edEjZJstpQ=",
        "owner": "h-hg",
        "repo": "yamb.yazi",
        "rev": "5576bd790e6868019d3ce7e958873cee3c94d783",
        "type": "github"
      },
      "original": {
        "owner": "h-hg",
        "repo": "yamb.yazi",
        "type": "github"
      }
    },
    "yazi-plugins": {
      "flake": false,
      "locked": {
        "lastModified": 1780203849,
        "narHash": "sha256-bqGN6JxbU+/o7TlM/Cm9Qj/s1McA4pB5QWArGZPcme4=",
        "owner": "yazi-rs",
        "repo": "plugins",
        "rev": "598cdb671401574ac27aeee257e2f3b0c80610a1",
        "type": "github"
      },
      "original": {
        "owner": "yazi-rs",
        "repo": "plugins",
        "type": "github"
      }
    }
  },
  "root": "root",
  "version": 7
}
